{
  "nodes": {
    "flake-compat": {
      "flake": false,
      "locked": {
        "lastModified": 1673956053,
        "narHash": "sha256-4gtG9iQuiKITOjNQQeQIpoIB6b16fm+504Ch3sNKLd8=",
        "owner": "edolstra",
        "repo": "flake-compat",
        "rev": "35bb57c0c8d8b62bbfd284272c928ceb64ddbde9",
        "type": "github"
      },
      "original": {
        "owner": "edolstra",
        "repo": "flake-compat",
        "type": "github"
      }
    },
    "flake-utils": {
      "locked": {
        "lastModified": 1678901627,
        "narHash": "sha256-U02riOqrKKzwjsxc/400XnElV+UtPUQWpANPlyazjH0=",
        "owner": "numtide",
        "repo": "flake-utils",
        "rev": "93a2b84fc4b70d9e089d029deacc3583435c2ed6",
        "type": "github"
      },
      "original": {
        "owner": "numtide",
        "repo": "flake-utils",
        "type": "github"
      }
    },
    "nimble": {
      "inputs": {
        "nixpkgs": "nixpkgs"
      },
      "locked": {
        "lastModified": 1677029805,
        "narHash": "sha256-YBmKN4107xvQIQL+cdD/n5+v6dDDK3WNBW7mbwdM7KU=",
        "owner": "nix-community",
        "repo": "flake-nimble",
        "rev": "494963452cd661e713c7940b201c736aefa5a29a",
        "type": "github"
      },
      "original": {
        "owner": "nix-community",
        "repo": "flake-nimble",
        "type": "github"
      }
    },
    "nixpkgs": {
      "locked": {
        "lastModified": 1641555862,
        "narHash": "sha256-AJK1Q5djPXs/ba3K6gHsVAer9yDPVLic78ZIDsFSkHU=",
        "owner": "nixos",
        "repo": "nixpkgs",
        "rev": "d1acd89e0116ff88eba80541027429fc922612e9",
        "type": "github"
      },
      "original": {
        "id": "nixpkgs",
        "type": "indirect"
      }
    },
    "nixpkgs_2": {
      "locked": {
        "lastModified": 1677021523,
        "narHash": "sha256-0EhZjJ3rq8ZTTJ6Trrf/9hYtnIry0OsyY2NKoQoOS5Q=",
        "owner": "NixOS",
        "repo": "nixpkgs",
        "rev": "5a5adc2ad7009851d7d0fc26311e42a93b171d2e",
        "type": "github"
      },
      "original": {
        "owner": "NixOS",
        "ref": "nixpkgs-unstable",
        "repo": "nixpkgs",
        "type": "github"
      }
    },
    "root": {
      "inputs": {
        "flake-compat": "flake-compat",
        "flake-utils": "flake-utils",
        "nimble": "nimble",
        "nixpkgs": "nixpkgs_2"
      }
    }
  },
  "root": "root",
  "version": 7
}
